<?xml version="1.0" encoding="utf-8"?>
<Project ToolsVersion="4.0" xmlns="http://schemas.microsoft.com/developer/msbuild/2003">
  <ItemGroup>
    <Filter Include="Application">
      <UniqueIdentifier>{bb27a2c9-bf1e-4e6d-9eed-85c4a9ed1f3c}</UniqueIdentifier>
    </Filter>
    <Filter Include="Data">
      <UniqueIdentifier>{3f597af1-cf73-45c8-b4f2-fe3936907a8e}</UniqueIdentifier>
    </Filter>
    <Filter Include="Data\Loan">
      <UniqueIdentifier>{219a0d2a-d8a0-4c27-8140-3a7387a6475c}</UniqueIdentifier>
    </Filter>
    <Filter Include="Data\Customer">
      <UniqueIdentifier>{1ec77520-edd8-4141-8b34-a0c20b20c58a}</UniqueIdentifier>
    </Filter>
    <Filter Include="Utils">
      <UniqueIdentifier>{17503a72-fe4a-462f-8be8-bb4a4774ec25}</UniqueIdentifier>
    </Filter>
    <Filter Include="Application\User">
      <UniqueIdentifier>{c8cfba25-09a6-4311-bbf0-6fe3622136fa}</UniqueIdentifier>
    </Filter>
    <Filter Include="Application\Application">
      <UniqueIdentifier>{3a7bf3e0-c630-4806-9f5b-0073bf53d142}</UniqueIdentifier>
    </Filter>
    <Filter Include="Data\LoanType">
      <UniqueIdentifier>{a0fce099-8314-44a1-9240-4412e65f2217}</UniqueIdentifier>
    </Filter>
    <Filter Include="Data\LoanCriteria">
      <UniqueIdentifier>{9e273df8-2028-402f-ab49-918d20811803}</UniqueIdentifier>
    </Filter>
    <Filter Include="Data\DataManager">
      <UniqueIdentifier>{344e3833-c82e-4ff5-82fb-af904328ab43}</UniqueIdentifier>
    </Filter>
    <Filter Include="Utils\Serializaition">
      <UniqueIdentifier>{cb48ff6d-2b46-4b0c-84c7-7325f32e047b}</UniqueIdentifier>
    </Filter>
    <Filter Include="UI">
      <UniqueIdentifier>{ff5abbe8-bf35-4cb9-aff5-a10075ea501e}</UniqueIdentifier>
    </Filter>
    <Filter Include="UI\MenuManager">
      <UniqueIdentifier>{8863cada-334a-49f6-80a7-746936675f70}</UniqueIdentifier>
    </Filter>
    <Filter Include="UI\Pages">
      <UniqueIdentifier>{d7cfeb1b-2a73-476c-aba8-e1299e62b301}</UniqueIdentifier>
    </Filter>
    <Filter Include="UI\Pages\LoginPage">
      <UniqueIdentifier>{44cec3cf-8480-4784-a7ce-aa47425c1353}</UniqueIdentifier>
    </Filter>
    <Filter Include="UI\Pages\WelcomePage">
      <UniqueIdentifier>{7b95e06b-44de-43f4-b46c-86cb2f3b5ed7}</UniqueIdentifier>
    </Filter>
    <Filter Include="UI\Pages\MainPage">
      <UniqueIdentifier>{1ecb0e45-c096-49b5-b80f-516614276012}</UniqueIdentifier>
    </Filter>
    <Filter Include="UI\Pages\LogoutPage">
      <UniqueIdentifier>{e40f59de-8142-4ba6-9c12-591b2e6366cd}</UniqueIdentifier>
    </Filter>
    <Filter Include="UI\Pages\CustomerPage">
      <UniqueIdentifier>{097abdc6-6889-4f50-94f2-925a458cbfcc}</UniqueIdentifier>
    </Filter>
    <Filter Include="UI\Pages\UserPage">
      <UniqueIdentifier>{a53c4fd3-0762-49e9-88ae-8f93c19891b3}</UniqueIdentifier>
    </Filter>
    <Filter Include="Utils\Input">
      <UniqueIdentifier>{4a74a47f-0a10-44fa-89d4-0fd58b53a941}</UniqueIdentifier>
    </Filter>
  </ItemGroup>
  <ItemGroup>
    <ClCompile Include="main.cpp" />
    <ClCompile Include="User.cpp">
      <Filter>Application\User</Filter>
    </ClCompile>
    <ClCompile Include="Loan.cpp">
      <Filter>Data\Loan</Filter>
    </ClCompile>
    <ClCompile Include="Customer.cpp">
      <Filter>Data\Customer</Filter>
    </ClCompile>
    <ClCompile Include="Application.cpp">
      <Filter>Application\Application</Filter>
    </ClCompile>
    <ClCompile Include="LoanType.cpp">
      <Filter>Data\LoanType</Filter>
    </ClCompile>
    <ClCompile Include="AgeCriteria.cpp">
      <Filter>Data\LoanCriteria</Filter>
    </ClCompile>
    <ClCompile Include="FinanceCriteria.cpp">
      <Filter>Data\LoanCriteria</Filter>
    </ClCompile>
    <ClCompile Include="DataManager.cpp">
      <Filter>Data\DataManager</Filter>
    </ClCompile>
    <ClCompile Include="SerialiazablGuid.cpp">
      <Filter>Utils\Serializaition</Filter>
    </ClCompile>
    <ClCompile Include="Input.cpp">
      <Filter>Utils\Input</Filter>
    </ClCompile>
    <ClCompile Include="PageManager.cpp">
      <Filter>UI\MenuManager</Filter>
    </ClCompile>
    <ClCompile Include="LoginPage.cpp">
      <Filter>UI\Pages\LoginPage</Filter>
    </ClCompile>
    <ClCompile Include="WelcomePage.cpp">
      <Filter>UI\Pages\WelcomePage</Filter>
    </ClCompile>
    <ClCompile Include="MainPage.cpp">
      <Filter>UI\Pages\MainPage</Filter>
    </ClCompile>
    <ClCompile Include="CustomerPage.cpp">
      <Filter>UI\Pages\CustomerPage</Filter>
    </ClCompile>
    <ClCompile Include="UserPage.cpp">
      <Filter>UI\Pages\UserPage</Filter>
    </ClCompile>
    <ClCompile Include="Page.cpp">
      <Filter>UI\Pages</Filter>
    </ClCompile>
  </ItemGroup>
  <ItemGroup>
    <ClInclude Include="User.h">
      <Filter>Application\User</Filter>
    </ClInclude>
    <ClInclude Include="Loan.h">
      <Filter>Data\Loan</Filter>
    </ClInclude>
    <ClInclude Include="Customer.h">
      <Filter>Data\Customer</Filter>
    </ClInclude>
    <ClInclude Include="Application.h">
      <Filter>Application\Application</Filter>
    </ClInclude>
    <ClInclude Include="LoanType.h">
      <Filter>Data\LoanType</Filter>
    </ClInclude>
    <ClInclude Include="AgeCriteria.h">
      <Filter>Data\LoanCriteria</Filter>
    </ClInclude>
    <ClInclude Include="FinanceCriteria.h">
      <Filter>Data\LoanCriteria</Filter>
    </ClInclude>
    <ClInclude Include="ILoanCriteria.h">
      <Filter>Data\LoanCriteria</Filter>
    </ClInclude>
    <ClInclude Include="DataManager.h">
      <Filter>Data\DataManager</Filter>
    </ClInclude>
    <ClInclude Include="ISerializable.h">
      <Filter>Utils\Serializaition</Filter>
    </ClInclude>
    <ClInclude Include="SerialiazablGuid.h">
      <Filter>Utils\Serializaition</Filter>
    </ClInclude>
    <ClInclude Include="SerializableVector.h">
      <Filter>Utils\Serializaition</Filter>
    </ClInclude>
    <ClInclude Include="Input.h">
      <Filter>Utils\Input</Filter>
    </ClInclude>
    <ClInclude Include="Common.h" />
    <ClInclude Include="Page.h">
      <Filter>UI\Pages</Filter>
    </ClInclude>
    <ClInclude Include="PageManager.h">
      <Filter>UI\MenuManager</Filter>
    </ClInclude>
    <ClInclude Include="LoginPage.h">
      <Filter>UI\Pages\LoginPage</Filter>
    </ClInclude>
    <ClInclude Include="WelcomePage.h">
      <Filter>UI\Pages\WelcomePage</Filter>
    </ClInclude>
    <ClInclude Include="MainPage.h">
      <Filter>UI\Pages\MainPage</Filter>
    </ClInclude>
    <ClInclude Include="LogoutPage.h">
      <Filter>UI\Pages\LogoutPage</Filter>
    </ClInclude>
    <ClInclude Include="UserPage.h">
      <Filter>UI\Pages\UserPage</Filter>
    </ClInclude>
    <ClInclude Include="CustomerPage.h">
      <Filter>UI\Pages\CustomerPage</Filter>
    </ClInclude>
  </ItemGroup>
</Project>